
Microsoft Visual Studio Solution File, Format Version 12.00
Project("{FAE04EC0-301F-11D3-BF4B-00C04F79EFBC}") = "ProjectProductV5", "ProjectProductV5\ProjectProductV5.csproj", "{97C02708-796D-4BD6-B8FD-4B77E6DB40DF}"
EndProject
Project("{FAE04EC0-301F-11D3-BF4B-00C04F79EFBC}") = "EntityLayer", "EntityLayer\EntityLayer.csproj", "{36B5F77D-E499-4478-9F16-FEF9F7F7A7EC}"
EndProject
Project("{FAE04EC0-301F-11D3-BF4B-00C04F79EFBC}") = "DataAccessLayer", "DataAccessLayer\DataAccessLayer.csproj", "{F5CDC5AC-20CF-4165-9438-0629ADA4A630}"
EndProject
Project("{FAE04EC0-301F-11D3-BF4B-00C04F79EFBC}") = "BusinessLayer", "BusinessLayer\BusinessLayer.csproj", "{B2DA3ED0-6C83-4DDA-9604-27B351E101A2}"
EndProject
Global
	GlobalSection(SolutionConfigurationPlatforms) = preSolution
		Debug|Any CPU = Debug|Any CPU
		Release|Any CPU = Release|Any CPU
	EndGlobalSection
	GlobalSection(ProjectConfigurationPlatforms) = postSolution
		{97C02708-796D-4BD6-B8FD-4B77E6DB40DF}.Debug|Any CPU.ActiveCfg = Debug|Any CPU
		{97C02708-796D-4BD6-B8FD-4B77E6DB40DF}.Debug|Any CPU.Build.0 = Debug|Any CPU
		{97C02708-796D-4BD6-B8FD-4B77E6DB40DF}.Release|Any CPU.ActiveCfg = Release|Any CPU
		{97C02708-796D-4BD6-B8FD-4B77E6DB40DF}.Release|Any CPU.Build.0 = Release|Any CPU
		{36B5F77D-E499-4478-9F16-FEF9F7F7A7EC}.Debug|Any CPU.ActiveCfg = Debug|Any CPU
		{36B5F77D-E499-4478-9F16-FEF9F7F7A7EC}.Debug|Any CPU.Build.0 = Debug|Any CPU
		{36B5F77D-E499-4478-9F16-FEF9F7F7A7EC}.Release|Any CPU.ActiveCfg = Release|Any CPU
		{36B5F77D-E499-4478-9F16-FEF9F7F7A7EC}.Release|Any CPU.Build.0 = Release|Any CPU
		{F5CDC5AC-20CF-4165-9438-0629ADA4A630}.Debug|Any CPU.ActiveCfg = Debug|Any CPU
		{F5CDC5AC-20CF-4165-9438-0629ADA4A630}.Debug|Any CPU.Build.0 = Debug|Any CPU
		{F5CDC5AC-20CF-4165-9438-0629ADA4A630}.Release|Any CPU.ActiveCfg = Release|Any CPU
		{F5CDC5AC-20CF-4165-9438-0629ADA4A630}.Release|Any CPU.Build.0 = Release|Any CPU
		{B2DA3ED0-6C83-4DDA-9604-27B351E101A2}.Debug|Any CPU.ActiveCfg = Debug|Any CPU
		{B2DA3ED0-6C83-4DDA-9604-27B351E101A2}.Debug|Any CPU.Build.0 = Debug|Any CPU
		{B2DA3ED0-6C83-4DDA-9604-27B351E101A2}.Release|Any CPU.ActiveCfg = Release|Any CPU
		{B2DA3ED0-6C83-4DDA-9604-27B351E101A2}.Release|Any CPU.Build.0 = Release|Any CPU
	EndGlobalSection
EndGlobal
